
Microsoft Visual Studio Solution File, Format Version 12.00
# Visual Studio Version 17
VisualStudioVersion = 17.9.34723.18
MinimumVisualStudioVersion = 10.0.40219.1
Project("{FAE04EC0-301F-11D3-BF4B-00C04F79EFBC}") = "Combinatoria", "Combinatoria\Combinatoria.csproj", "{F6155662-8E71-4627-A99A-3FD0A4FD8080}"
EndProject
Global
	GlobalSection(SolutionConfigurationPlatforms) = preSolution
		Debug|Any CPU = Debug|Any CPU
		Release|Any CPU = Release|Any CPU
	EndGlobalSection
	GlobalSection(ProjectConfigurationPlatforms) = postSolution
		{F6155662-8E71-4627-A99A-3FD0A4FD8080}.Debug|Any CPU.ActiveCfg = Debug|Any CPU
		{F6155662-8E71-4627-A99A-3FD0A4FD8080}.Debug|Any CPU.Build.0 = Debug|Any CPU
		{F6155662-8E71-4627-A99A-3FD0A4FD8080}.Release|Any CPU.ActiveCfg = Release|Any CPU
		{F6155662-8E71-4627-A99A-3FD0A4FD8080}.Release|Any CPU.Build.0 = Release|Any CPU
	EndGlobalSection
	GlobalSection(SolutionProperties) = preSolution
		HideSolutionNode = FALSE
	EndGlobalSection
	GlobalSection(ExtensibilityGlobals) = postSolution
		SolutionGuid = {6110AFAA-9A4A-40A5-A532-08CFDF4EF93A}
	EndGlobalSection
EndGlobal
