
Microsoft Visual Studio Solution File, Format Version 12.00
# Visual Studio Version 17
VisualStudioVersion = 17.9.34723.18
MinimumVisualStudioVersion = 10.0.40219.1
Project("{FAE04EC0-301F-11D3-BF4B-00C04F79EFBC}") = "UiDesignDemo", "UiDesignDemo\UiDesignDemo.csproj", "{ACFD62A8-8889-4E69-8600-FA4EE7330DD6}"
EndProject
Project("{FAE04EC0-301F-11D3-BF4B-00C04F79EFBC}") = "WinFormsApp1", "WinFormsApp1\WinFormsApp1.csproj", "{DF49BAEC-DB82-4FCE-9B28-020C973B37AF}"
EndProject
Global
	GlobalSection(SolutionConfigurationPlatforms) = preSolution
		Debug|Any CPU = Debug|Any CPU
		Release|Any CPU = Release|Any CPU
	EndGlobalSection
	GlobalSection(ProjectConfigurationPlatforms) = postSolution
		{ACFD62A8-8889-4E69-8600-FA4EE7330DD6}.Debug|Any CPU.ActiveCfg = Debug|Any CPU
		{ACFD62A8-8889-4E69-8600-FA4EE7330DD6}.Debug|Any CPU.Build.0 = Debug|Any CPU
		{ACFD62A8-8889-4E69-8600-FA4EE7330DD6}.Release|Any CPU.ActiveCfg = Release|Any CPU
		{ACFD62A8-8889-4E69-8600-FA4EE7330DD6}.Release|Any CPU.Build.0 = Release|Any CPU
		{DF49BAEC-DB82-4FCE-9B28-020C973B37AF}.Debug|Any CPU.ActiveCfg = Debug|Any CPU
		{DF49BAEC-DB82-4FCE-9B28-020C973B37AF}.Debug|Any CPU.Build.0 = Debug|Any CPU
		{DF49BAEC-DB82-4FCE-9B28-020C973B37AF}.Release|Any CPU.ActiveCfg = Release|Any CPU
		{DF49BAEC-DB82-4FCE-9B28-020C973B37AF}.Release|Any CPU.Build.0 = Release|Any CPU
	EndGlobalSection
	GlobalSection(SolutionProperties) = preSolution
		HideSolutionNode = FALSE
	EndGlobalSection
	GlobalSection(ExtensibilityGlobals) = postSolution
		SolutionGuid = {2CCEBFF7-26A7-4513-9B18-7542D59922D3}
	EndGlobalSection
EndGlobal
